
Microsoft Visual Studio Solution File, Format Version 12.00
# Visual Studio Version 16
VisualStudioVersion = 16.0.31112.23
MinimumVisualStudioVersion = 10.0.40219.1
Project("{FAE04EC0-301F-11D3-BF4B-00C04F79EFBC}") = "APBD6CodeFirstMVSv2", "APBD6CodeFirstMVSv2.csproj", "{4FD0BC62-5D38-4D57-B7A6-5A5383B4118F}"
EndProject
Global
	GlobalSection(SolutionConfigurationPlatforms) = preSolution
		Debug|Any CPU = Debug|Any CPU
		Release|Any CPU = Release|Any CPU
	EndGlobalSection
	GlobalSection(ProjectConfigurationPlatforms) = postSolution
		{4FD0BC62-5D38-4D57-B7A6-5A5383B4118F}.Debug|Any CPU.ActiveCfg = Debug|Any CPU
		{4FD0BC62-5D38-4D57-B7A6-5A5383B4118F}.Debug|Any CPU.Build.0 = Debug|Any CPU
		{4FD0BC62-5D38-4D57-B7A6-5A5383B4118F}.Release|Any CPU.ActiveCfg = Release|Any CPU
		{4FD0BC62-5D38-4D57-B7A6-5A5383B4118F}.Release|Any CPU.Build.0 = Release|Any CPU
	EndGlobalSection
	GlobalSection(SolutionProperties) = preSolution
		HideSolutionNode = FALSE
	EndGlobalSection
	GlobalSection(ExtensibilityGlobals) = postSolution
		SolutionGuid = {57A2EBA8-B262-4D54-9897-1A9494E0A702}
	EndGlobalSection
EndGlobal
